
Microsoft Visual Studio Solution File, Format Version 12.00
# Visual Studio 15
VisualStudioVersion = 15.0.28307.705
MinimumVisualStudioVersion = 10.0.40219.1
Project("{FAE04EC0-301F-11D3-BF4B-00C04F79EFBC}") = "27_word_2_TelUkazatel", "27_word_2_TelUkazatel\27_word_2_TelUkazatel.csproj", "{83A584C2-AC11-458D-A213-18D9E6193B43}"
EndProject
Global
	GlobalSection(SolutionConfigurationPlatforms) = preSolution
		Debug|Any CPU = Debug|Any CPU
		Release|Any CPU = Release|Any CPU
	EndGlobalSection
	GlobalSection(ProjectConfigurationPlatforms) = postSolution
		{83A584C2-AC11-458D-A213-18D9E6193B43}.Debug|Any CPU.ActiveCfg = Debug|Any CPU
		{83A584C2-AC11-458D-A213-18D9E6193B43}.Debug|Any CPU.Build.0 = Debug|Any CPU
		{83A584C2-AC11-458D-A213-18D9E6193B43}.Release|Any CPU.ActiveCfg = Release|Any CPU
		{83A584C2-AC11-458D-A213-18D9E6193B43}.Release|Any CPU.Build.0 = Release|Any CPU
	EndGlobalSection
	GlobalSection(SolutionProperties) = preSolution
		HideSolutionNode = FALSE
	EndGlobalSection
	GlobalSection(ExtensibilityGlobals) = postSolution
		SolutionGuid = {0FD1802C-0ACF-4343-A898-AC7A7F99C7E4}
	EndGlobalSection
EndGlobal
