
Microsoft Visual Studio Solution File, Format Version 12.00
# Visual Studio 15
VisualStudioVersion = 15.0.28307.705
MinimumVisualStudioVersion = 10.0.40219.1
Project("{FAE04EC0-301F-11D3-BF4B-00C04F79EFBC}") = "10_2_word_4_SgavaneMasiv", "10_2_word_4_SgavaneMasiv\10_2_word_4_SgavaneMasiv.csproj", "{04C933B1-0EA0-4D8B-8EDD-DC73BF280DB0}"
EndProject
Global
	GlobalSection(SolutionConfigurationPlatforms) = preSolution
		Debug|Any CPU = Debug|Any CPU
		Release|Any CPU = Release|Any CPU
	EndGlobalSection
	GlobalSection(ProjectConfigurationPlatforms) = postSolution
		{04C933B1-0EA0-4D8B-8EDD-DC73BF280DB0}.Debug|Any CPU.ActiveCfg = Debug|Any CPU
		{04C933B1-0EA0-4D8B-8EDD-DC73BF280DB0}.Debug|Any CPU.Build.0 = Debug|Any CPU
		{04C933B1-0EA0-4D8B-8EDD-DC73BF280DB0}.Release|Any CPU.ActiveCfg = Release|Any CPU
		{04C933B1-0EA0-4D8B-8EDD-DC73BF280DB0}.Release|Any CPU.Build.0 = Release|Any CPU
	EndGlobalSection
	GlobalSection(SolutionProperties) = preSolution
		HideSolutionNode = FALSE
	EndGlobalSection
	GlobalSection(ExtensibilityGlobals) = postSolution
		SolutionGuid = {C9E3D5A7-0C4B-4258-BCA2-8E337A1148B1}
	EndGlobalSection
EndGlobal
