
Microsoft Visual Studio Solution File, Format Version 12.00
# Visual Studio 15
VisualStudioVersion = 15.0.28307.705
MinimumVisualStudioVersion = 10.0.40219.1
Project("{FAE04EC0-301F-11D3-BF4B-00C04F79EFBC}") = "REchnik_Universal", "REchnik_Universal\REchnik_Universal.csproj", "{C3EEBBC8-CBC5-4349-B320-2E6E8C909B8F}"
EndProject
Global
	GlobalSection(SolutionConfigurationPlatforms) = preSolution
		Debug|Any CPU = Debug|Any CPU
		Release|Any CPU = Release|Any CPU
	EndGlobalSection
	GlobalSection(ProjectConfigurationPlatforms) = postSolution
		{C3EEBBC8-CBC5-4349-B320-2E6E8C909B8F}.Debug|Any CPU.ActiveCfg = Debug|Any CPU
		{C3EEBBC8-CBC5-4349-B320-2E6E8C909B8F}.Debug|Any CPU.Build.0 = Debug|Any CPU
		{C3EEBBC8-CBC5-4349-B320-2E6E8C909B8F}.Release|Any CPU.ActiveCfg = Release|Any CPU
		{C3EEBBC8-CBC5-4349-B320-2E6E8C909B8F}.Release|Any CPU.Build.0 = Release|Any CPU
	EndGlobalSection
	GlobalSection(SolutionProperties) = preSolution
		HideSolutionNode = FALSE
	EndGlobalSection
	GlobalSection(ExtensibilityGlobals) = postSolution
		SolutionGuid = {40D69B88-D306-4515-BE06-984BCD59A09F}
	EndGlobalSection
EndGlobal
