
Microsoft Visual Studio Solution File, Format Version 12.00
# Visual Studio 15
VisualStudioVersion = 15.0.28307.705
MinimumVisualStudioVersion = 10.0.40219.1
Project("{FAE04EC0-301F-11D3-BF4B-00C04F79EFBC}") = "Demo1", "Demo1\Demo1.csproj", "{E9E10524-797C-49B8-8990-37EDF4AD65AA}"
EndProject
Global
	GlobalSection(SolutionConfigurationPlatforms) = preSolution
		Debug|Any CPU = Debug|Any CPU
		Release|Any CPU = Release|Any CPU
	EndGlobalSection
	GlobalSection(ProjectConfigurationPlatforms) = postSolution
		{E9E10524-797C-49B8-8990-37EDF4AD65AA}.Debug|Any CPU.ActiveCfg = Debug|Any CPU
		{E9E10524-797C-49B8-8990-37EDF4AD65AA}.Debug|Any CPU.Build.0 = Debug|Any CPU
		{E9E10524-797C-49B8-8990-37EDF4AD65AA}.Release|Any CPU.ActiveCfg = Release|Any CPU
		{E9E10524-797C-49B8-8990-37EDF4AD65AA}.Release|Any CPU.Build.0 = Release|Any CPU
	EndGlobalSection
	GlobalSection(SolutionProperties) = preSolution
		HideSolutionNode = FALSE
	EndGlobalSection
	GlobalSection(ExtensibilityGlobals) = postSolution
		SolutionGuid = {2871B6CC-A05C-4E63-A9CF-DF44A3A90D23}
	EndGlobalSection
EndGlobal
