
Microsoft Visual Studio Solution File, Format Version 12.00
# Visual Studio 15
VisualStudioVersion = 15.0.28307.705
MinimumVisualStudioVersion = 10.0.40219.1
Project("{FAE04EC0-301F-11D3-BF4B-00C04F79EFBC}") = "07_Pr_1_SpecialniChisla", "07_Pr_1_SpecialniChisla\07_Pr_1_SpecialniChisla.csproj", "{2AE476A5-2907-457D-85F6-2996F141168B}"
EndProject
Global
	GlobalSection(SolutionConfigurationPlatforms) = preSolution
		Debug|Any CPU = Debug|Any CPU
		Release|Any CPU = Release|Any CPU
	EndGlobalSection
	GlobalSection(ProjectConfigurationPlatforms) = postSolution
		{2AE476A5-2907-457D-85F6-2996F141168B}.Debug|Any CPU.ActiveCfg = Debug|Any CPU
		{2AE476A5-2907-457D-85F6-2996F141168B}.Debug|Any CPU.Build.0 = Debug|Any CPU
		{2AE476A5-2907-457D-85F6-2996F141168B}.Release|Any CPU.ActiveCfg = Release|Any CPU
		{2AE476A5-2907-457D-85F6-2996F141168B}.Release|Any CPU.Build.0 = Release|Any CPU
	EndGlobalSection
	GlobalSection(SolutionProperties) = preSolution
		HideSolutionNode = FALSE
	EndGlobalSection
	GlobalSection(ExtensibilityGlobals) = postSolution
		SolutionGuid = {92BFF465-A47F-48EA-80C5-0C68EFCB4ECD}
	EndGlobalSection
EndGlobal
