
Microsoft Visual Studio Solution File, Format Version 12.00
# Visual Studio 15
VisualStudioVersion = 15.0.28307.705
MinimumVisualStudioVersion = 10.0.40219.1
Project("{FAE04EC0-301F-11D3-BF4B-00C04F79EFBC}") = "15_Pr_2_RemoveNegativeNumbers", "15_Pr_2_RemoveNegativeNumbers\15_Pr_2_RemoveNegativeNumbers.csproj", "{9B0E0439-42D1-48A8-AB0A-22AAEF8EF012}"
EndProject
Global
	GlobalSection(SolutionConfigurationPlatforms) = preSolution
		Debug|Any CPU = Debug|Any CPU
		Release|Any CPU = Release|Any CPU
	EndGlobalSection
	GlobalSection(ProjectConfigurationPlatforms) = postSolution
		{9B0E0439-42D1-48A8-AB0A-22AAEF8EF012}.Debug|Any CPU.ActiveCfg = Debug|Any CPU
		{9B0E0439-42D1-48A8-AB0A-22AAEF8EF012}.Debug|Any CPU.Build.0 = Debug|Any CPU
		{9B0E0439-42D1-48A8-AB0A-22AAEF8EF012}.Release|Any CPU.ActiveCfg = Release|Any CPU
		{9B0E0439-42D1-48A8-AB0A-22AAEF8EF012}.Release|Any CPU.Build.0 = Release|Any CPU
	EndGlobalSection
	GlobalSection(SolutionProperties) = preSolution
		HideSolutionNode = FALSE
	EndGlobalSection
	GlobalSection(ExtensibilityGlobals) = postSolution
		SolutionGuid = {BC43B462-4128-41D6-95DC-9584074BC5D0}
	EndGlobalSection
EndGlobal
