
Microsoft Visual Studio Solution File, Format Version 12.00
# Visual Studio 15
VisualStudioVersion = 15.0.28307.705
MinimumVisualStudioVersion = 10.0.40219.1
Project("{FAE04EC0-301F-11D3-BF4B-00C04F79EFBC}") = "10_Word_3_IndexBukva", "10_Word_3_IndexBukva\10_Word_3_IndexBukva.csproj", "{ADAB9CB7-A0FF-4DCA-BB35-02A4929ED951}"
EndProject
Global
	GlobalSection(SolutionConfigurationPlatforms) = preSolution
		Debug|Any CPU = Debug|Any CPU
		Release|Any CPU = Release|Any CPU
	EndGlobalSection
	GlobalSection(ProjectConfigurationPlatforms) = postSolution
		{ADAB9CB7-A0FF-4DCA-BB35-02A4929ED951}.Debug|Any CPU.ActiveCfg = Debug|Any CPU
		{ADAB9CB7-A0FF-4DCA-BB35-02A4929ED951}.Debug|Any CPU.Build.0 = Debug|Any CPU
		{ADAB9CB7-A0FF-4DCA-BB35-02A4929ED951}.Release|Any CPU.ActiveCfg = Release|Any CPU
		{ADAB9CB7-A0FF-4DCA-BB35-02A4929ED951}.Release|Any CPU.Build.0 = Release|Any CPU
	EndGlobalSection
	GlobalSection(SolutionProperties) = preSolution
		HideSolutionNode = FALSE
	EndGlobalSection
	GlobalSection(ExtensibilityGlobals) = postSolution
		SolutionGuid = {7773F02B-35F9-4B08-B229-90976E4A9A2D}
	EndGlobalSection
EndGlobal
