
Microsoft Visual Studio Solution File, Format Version 12.00
# Visual Studio 15
VisualStudioVersion = 15.0.28307.705
MinimumVisualStudioVersion = 10.0.40219.1
Project("{FAE04EC0-301F-11D3-BF4B-00C04F79EFBC}") = "14_Pr_3_MaxPoredica", "14_Pr_3_MaxPoredica\14_Pr_3_MaxPoredica.csproj", "{2FBDC577-EFEE-49D9-BA79-91599C9BF9D4}"
EndProject
Global
	GlobalSection(SolutionConfigurationPlatforms) = preSolution
		Debug|Any CPU = Debug|Any CPU
		Release|Any CPU = Release|Any CPU
	EndGlobalSection
	GlobalSection(ProjectConfigurationPlatforms) = postSolution
		{2FBDC577-EFEE-49D9-BA79-91599C9BF9D4}.Debug|Any CPU.ActiveCfg = Debug|Any CPU
		{2FBDC577-EFEE-49D9-BA79-91599C9BF9D4}.Debug|Any CPU.Build.0 = Debug|Any CPU
		{2FBDC577-EFEE-49D9-BA79-91599C9BF9D4}.Release|Any CPU.ActiveCfg = Release|Any CPU
		{2FBDC577-EFEE-49D9-BA79-91599C9BF9D4}.Release|Any CPU.Build.0 = Release|Any CPU
	EndGlobalSection
	GlobalSection(SolutionProperties) = preSolution
		HideSolutionNode = FALSE
	EndGlobalSection
	GlobalSection(ExtensibilityGlobals) = postSolution
		SolutionGuid = {88ABD151-4235-4092-8F90-5253FCA4672A}
	EndGlobalSection
EndGlobal
