
Microsoft Visual Studio Solution File, Format Version 12.00
# Visual Studio 15
VisualStudioVersion = 15.0.28307.705
MinimumVisualStudioVersion = 10.0.40219.1
Project("{FAE04EC0-301F-11D3-BF4B-00C04F79EFBC}") = "13_word_4_ObarnatSpisak", "13_word_4_ObarnatSpisak\13_word_4_ObarnatSpisak.csproj", "{54253FEB-1BCE-4D8C-BFFF-5D9364360510}"
EndProject
Global
	GlobalSection(SolutionConfigurationPlatforms) = preSolution
		Debug|Any CPU = Debug|Any CPU
		Release|Any CPU = Release|Any CPU
	EndGlobalSection
	GlobalSection(ProjectConfigurationPlatforms) = postSolution
		{54253FEB-1BCE-4D8C-BFFF-5D9364360510}.Debug|Any CPU.ActiveCfg = Debug|Any CPU
		{54253FEB-1BCE-4D8C-BFFF-5D9364360510}.Debug|Any CPU.Build.0 = Debug|Any CPU
		{54253FEB-1BCE-4D8C-BFFF-5D9364360510}.Release|Any CPU.ActiveCfg = Release|Any CPU
		{54253FEB-1BCE-4D8C-BFFF-5D9364360510}.Release|Any CPU.Build.0 = Release|Any CPU
	EndGlobalSection
	GlobalSection(SolutionProperties) = preSolution
		HideSolutionNode = FALSE
	EndGlobalSection
	GlobalSection(ExtensibilityGlobals) = postSolution
		SolutionGuid = {441C4777-92B4-46A0-B9E4-4F259B0EBB61}
	EndGlobalSection
EndGlobal
